{
  "name": "github-interactions",
  "version": "1.0.0",
  "lockfileVersion": 3,
  "requires": true,
  "packages": {
    "": {
      "name": "github-interactions",
      "version": "1.0.0",
      "license": "ISC",
      "dependencies": {
        "@octokit/graphql": "^8.0.1"
      },
      "devDependencies": {
        "@biomejs/biome": "1.6.3"
      }
    },
    "node_modules/@biomejs/biome": {
      "version": "1.6.3",
      "resolved": "https://registry.npmjs.org/@biomejs/biome/-/biome-1.6.3.tgz",
      "integrity": "sha512-Xnp/TIpIcTnRA4LwerJuoGYQJEqwXtn5AL0U0OPXll/QGbAKmcUAfizU880xTwZRD4f53iceqODLDaD3wxYlIw==",
      "dev": true,
      "hasInstallScript": true,
      "bin": {
        "biome": "bin/biome"
      },
      "engines": {
        "node": ">=14.*"
      },
      "funding": {
        "type": "opencollective",
        "url": "https://opencollective.com/biome"
      },
      "optionalDependencies": {
        "@biomejs/cli-darwin-arm64": "1.6.3",
        "@biomejs/cli-darwin-x64": "1.6.3",
        "@biomejs/cli-linux-arm64": "1.6.3",
        "@biomejs/cli-linux-arm64-musl": "1.6.3",
        "@biomejs/cli-linux-x64": "1.6.3",
        "@biomejs/cli-linux-x64-musl": "1.6.3",
        "@biomejs/cli-win32-arm64": "1.6.3",
        "@biomejs/cli-win32-x64": "1.6.3"
      }
    },
    "node_modules/@biomejs/cli-darwin-arm64": {
      "version": "1.6.3",
      "resolved": "https://registry.npmjs.org/@biomejs/cli-darwin-arm64/-/cli-darwin-arm64-1.6.3.tgz",
      "integrity": "sha512-0E8PGu3/8HSkBJdtjno+niJE1ANS/12D7sPK65vw5lTBYmmaYwJdfclDp6XO0IAX7uVd3/YtXlsEua0SVrNt3Q==",
      "cpu": [
        "arm64"
      ],
      "dev": true,
      "optional": true,
      "os": [
        "darwin"
      ],
      "engines": {
        "node": ">=14.*"
      }
    },
    "node_modules/@biomejs/cli-darwin-x64": {
      "version": "1.6.3",
      "resolved": "https://registry.npmjs.org/@biomejs/cli-darwin-x64/-/cli-darwin-x64-1.6.3.tgz",
      "integrity": "sha512-UWu0We/aIRtWXgJKe6ygWt2xR0yXs64BwWqtZbfxBojRn3jgW8UdFAkV5yiUOX3TQlsV6BZH1EQaUAVsccUeeA==",
      "cpu": [
        "x64"
      ],
      "dev": true,
      "optional": true,
      "os": [
        "darwin"
      ],
      "engines": {
        "node": ">=14.*"
      }
    },
    "node_modules/@biomejs/cli-linux-arm64": {
      "version": "1.6.3",
      "resolved": "https://registry.npmjs.org/@biomejs/cli-linux-arm64/-/cli-linux-arm64-1.6.3.tgz",
      "integrity": "sha512-wFVkQw38kOssfnkbpSh6ums5TaElw3RAt5i/VZwHmgR2nQgE0fHXLO7HwIE9VBkOEdbiIFq+2PxvFIHuJF3z3Q==",
      "cpu": [
        "arm64"
      ],
      "dev": true,
      "optional": true,
      "os": [
        "linux"
      ],
      "engines": {
        "node": ">=14.*"
      }
    },
    "node_modules/@biomejs/cli-linux-arm64-musl": {
      "version": "1.6.3",
      "resolved": "https://registry.npmjs.org/@biomejs/cli-linux-arm64-musl/-/cli-linux-arm64-musl-1.6.3.tgz",
      "integrity": "sha512-AntGCSfLN1nPcQj4VOk3X2JgnDw07DaPC8BuBmRcsRmn+7GPSWLllVN5awIKlRPZEbGJtSnLkTiDc5Bxw8OiuA==",
      "cpu": [
        "arm64"
      ],
      "dev": true,
      "optional": true,
      "os": [
        "linux"
      ],
      "engines": {
        "node": ">=14.*"
      }
    },
    "node_modules/@biomejs/cli-linux-x64": {
      "version": "1.6.3",
      "resolved": "https://registry.npmjs.org/@biomejs/cli-linux-x64/-/cli-linux-x64-1.6.3.tgz",
      "integrity": "sha512-vyn8TQaTZg617hjqFitwGmb1St5XXvq6I3vmxU/QFalM74BryMSvYCrYWb2Yw/TkykdEwZTMGYp+SWHRb04fTg==",
      "cpu": [
        "x64"
      ],
      "dev": true,
      "optional": true,
      "os": [
        "linux"
      ],
      "engines": {
        "node": ">=14.*"
      }
    },
    "node_modules/@biomejs/cli-linux-x64-musl": {
      "version": "1.6.3",
      "resolved": "https://registry.npmjs.org/@biomejs/cli-linux-x64-musl/-/cli-linux-x64-musl-1.6.3.tgz",
      "integrity": "sha512-GelAvGsUwbxfFpKLG+7+dvDmbrfkGqn08sL8CMQrGnhjE1krAqHWiXQsjfmi0UMFdMsk7hbc4oSAP+1+mrXcHQ==",
      "cpu": [
        "x64"
      ],
      "dev": true,
      "optional": true,
      "os": [
        "linux"
      ],
      "engines": {
        "node": ">=14.*"
      }
    },
    "node_modules/@biomejs/cli-win32-arm64": {
      "version": "1.6.3",
      "resolved": "https://registry.npmjs.org/@biomejs/cli-win32-arm64/-/cli-win32-arm64-1.6.3.tgz",
      "integrity": "sha512-Gx8N2Tixke6pAI1BniteCVZgUUmaFEDYosdWxoaCus15BZI/7RcBxhsRM0ZL/lC66StSQ8vHl8JBrrld1k570Q==",
      "cpu": [
        "arm64"
      ],
      "dev": true,
      "optional": true,
      "os": [
        "win32"
      ],
      "engines": {
        "node": ">=14.*"
      }
    },
    "node_modules/@biomejs/cli-win32-x64": {
      "version": "1.6.3",
      "resolved": "https://registry.npmjs.org/@biomejs/cli-win32-x64/-/cli-win32-x64-1.6.3.tgz",
      "integrity": "sha512-meungPJw64SqoR7LXY1wG7GC4+4wgpyThdFUMGXa6PCe0BLFOIOcZ9VMj9PstuczMPdgmt/BUMPsj25dK1VO8A==",
      "cpu": [
        "x64"
      ],
      "dev": true,
      "optional": true,
      "os": [
        "win32"
      ],
      "engines": {
        "node": ">=14.*"
      }
    },
    "node_modules/@octokit/endpoint": {
      "version": "10.0.0",
      "resolved": "https://registry.npmjs.org/@octokit/endpoint/-/endpoint-10.0.0.tgz",
      "integrity": "sha512-emBcNDxBdC1y3+knJonS5zhUB/CG6TihubxM2U1/pG/Z1y3a4oV0Gzz3lmkCvWWQI6h3tqBAX9MgCBFp+M68Jw==",
      "dependencies": {
        "@octokit/types": "^12.0.0",
        "universal-user-agent": "^7.0.2"
      },
      "engines": {
        "node": ">= 18"
      }
    },
    "node_modules/@octokit/graphql": {
      "version": "8.0.1",
      "resolved": "https://registry.npmjs.org/@octokit/graphql/-/graphql-8.0.1.tgz",
      "integrity": "sha512-lLDb6LhC1gBj2CxEDa5Xk10+H/boonhs+3Mi6jpRyetskDKNHe6crMeKmUE2efoLofMP8ruannLlCUgpTFmVzQ==",
      "dependencies": {
        "@octokit/request": "^9.0.0",
        "@octokit/types": "^12.0.0",
        "universal-user-agent": "^7.0.0"
      },
      "engines": {
        "node": ">= 18"
      }
    },
    "node_modules/@octokit/openapi-types": {
      "version": "20.0.0",
      "resolved": "https://registry.npmjs.org/@octokit/openapi-types/-/openapi-types-20.0.0.tgz",
      "integrity": "sha512-EtqRBEjp1dL/15V7WiX5LJMIxxkdiGJnabzYx5Apx4FkQIFgAfKumXeYAqqJCj1s+BMX4cPFIFC4OLCR6stlnA=="
    },
    "node_modules/@octokit/request": {
      "version": "9.0.1",
      "resolved": "https://registry.npmjs.org/@octokit/request/-/request-9.0.1.tgz",
      "integrity": "sha512-kL+cAcbSl3dctYLuJmLfx6Iku2MXXy0jszhaEIjQNaCp4zjHXrhVAHeuaRdNvJjW9qjl3u1MJ72+OuBP0YW/pg==",
      "dependencies": {
        "@octokit/endpoint": "^10.0.0",
        "@octokit/request-error": "^6.0.1",
        "@octokit/types": "^12.0.0",
        "universal-user-agent": "^7.0.2"
      },
      "engines": {
        "node": ">= 18"
      }
    },
    "node_modules/@octokit/request-error": {
      "version": "6.0.2",
      "resolved": "https://registry.npmjs.org/@octokit/request-error/-/request-error-6.0.2.tgz",
      "integrity": "sha512-WtRVpoHcNXs84+s9s/wqfHaxM68NGMg8Av7h59B50OVO0PwwMx+2GgQ/OliUd0iQBSNWgR6N8afi/KjSHbXHWw==",
      "dependencies": {
        "@octokit/types": "^12.0.0"
      },
      "engines": {
        "node": ">= 18"
      }
    },
    "node_modules/@octokit/types": {
      "version": "12.6.0",
      "resolved": "https://registry.npmjs.org/@octokit/types/-/types-12.6.0.tgz",
      "integrity": "sha512-1rhSOfRa6H9w4YwK0yrf5faDaDTb+yLyBUKOCV4xtCDB5VmIPqd/v9yr9o6SAzOAlRxMiRiCic6JVM1/kunVkw==",
      "dependencies": {
        "@octokit/openapi-types": "^20.0.0"
      }
    },
    "node_modules/universal-user-agent": {
      "version": "7.0.2",
      "resolved": "https://registry.npmjs.org/universal-user-agent/-/universal-user-agent-7.0.2.tgz",
      "integrity": "sha512-0JCqzSKnStlRRQfCdowvqy3cy0Dvtlb8xecj/H8JFZuCze4rwjPZQOgvFvn0Ws/usCHQFGpyr+pB9adaGwXn4Q=="
    }
  }
}
